
Microsoft Visual Studio Solution File, Format Version 12.00
# Visual Studio Version 16
VisualStudioVersion = 16.0.30621.155
MinimumVisualStudioVersion = 10.0.40219.1
Project("{8BC9CEB8-8B4A-11D0-8D11-00A0C91BC942}") = "week13", "week13\week13.vcxproj", "{96939EE1-3045-455E-9EAF-6F8BD316A638}"
EndProject
Global
	GlobalSection(SolutionConfigurationPlatforms) = preSolution
		Debug|x64 = Debug|x64
		Debug|x86 = Debug|x86
		Release|x64 = Release|x64
		Release|x86 = Release|x86
	EndGlobalSection
	GlobalSection(ProjectConfigurationPlatforms) = postSolution
		{96939EE1-3045-455E-9EAF-6F8BD316A638}.Debug|x64.ActiveCfg = Debug|x64
		{96939EE1-3045-455E-9EAF-6F8BD316A638}.Debug|x64.Build.0 = Debug|x64
		{96939EE1-3045-455E-9EAF-6F8BD316A638}.Debug|x86.ActiveCfg = Debug|Win32
		{96939EE1-3045-455E-9EAF-6F8BD316A638}.Debug|x86.Build.0 = Debug|Win32
		{96939EE1-3045-455E-9EAF-6F8BD316A638}.Release|x64.ActiveCfg = Release|x64
		{96939EE1-3045-455E-9EAF-6F8BD316A638}.Release|x64.Build.0 = Release|x64
		{96939EE1-3045-455E-9EAF-6F8BD316A638}.Release|x86.ActiveCfg = Release|Win32
		{96939EE1-3045-455E-9EAF-6F8BD316A638}.Release|x86.Build.0 = Release|Win32
	EndGlobalSection
	GlobalSection(SolutionProperties) = preSolution
		HideSolutionNode = FALSE
	EndGlobalSection
	GlobalSection(ExtensibilityGlobals) = postSolution
		SolutionGuid = {91E2FBFF-2180-4563-93D0-9D5A045401DD}
	EndGlobalSection
EndGlobal
